
Microsoft Visual Studio Solution File, Format Version 12.00
# Visual Studio Version 16
VisualStudioVersion = 16.0.30320.27
MinimumVisualStudioVersion = 10.0.40219.1
Project("{FAE04EC0-301F-11D3-BF4B-00C04F79EFBC}") = "SaveConverter", "SaveConverter\SaveConverter.csproj", "{D39DCC70-2252-4586-87B1-2A7A300D03E2}"
EndProject
Global
	GlobalSection(SolutionConfigurationPlatforms) = preSolution
		Debug|Any CPU = Debug|Any CPU
		Release|Any CPU = Release|Any CPU
	EndGlobalSection
	GlobalSection(ProjectConfigurationPlatforms) = postSolution
		{D39DCC70-2252-4586-87B1-2A7A300D03E2}.Debug|Any CPU.ActiveCfg = Debug|Any CPU
		{D39DCC70-2252-4586-87B1-2A7A300D03E2}.Debug|Any CPU.Build.0 = Debug|Any CPU
		{D39DCC70-2252-4586-87B1-2A7A300D03E2}.Release|Any CPU.ActiveCfg = Release|Any CPU
		{D39DCC70-2252-4586-87B1-2A7A300D03E2}.Release|Any CPU.Build.0 = Release|Any CPU
	EndGlobalSection
	GlobalSection(SolutionProperties) = preSolution
		HideSolutionNode = FALSE
	EndGlobalSection
	GlobalSection(ExtensibilityGlobals) = postSolution
		SolutionGuid = {B295BC78-4D75-4C33-81CD-D5235D99D492}
	EndGlobalSection
EndGlobal
